
Microsoft Visual Studio Solution File, Format Version 12.00
# Visual Studio 2012
Project("{FAE04EC0-301F-11D3-BF4B-00C04F79EFBC}") = "PicToAscii", "PicToAscii\PicToAscii.csproj", "{1805462D-154F-4B01-A404-B62B229FC12E}"
EndProject
Global
	GlobalSection(SolutionConfigurationPlatforms) = preSolution
		Debug|Any CPU = Debug|Any CPU
		Release|Any CPU = Release|Any CPU
	EndGlobalSection
	GlobalSection(ProjectConfigurationPlatforms) = postSolution
		{1805462D-154F-4B01-A404-B62B229FC12E}.Debug|Any CPU.ActiveCfg = Debug|Any CPU
		{1805462D-154F-4B01-A404-B62B229FC12E}.Debug|Any CPU.Build.0 = Debug|Any CPU
		{1805462D-154F-4B01-A404-B62B229FC12E}.Release|Any CPU.ActiveCfg = Release|Any CPU
		{1805462D-154F-4B01-A404-B62B229FC12E}.Release|Any CPU.Build.0 = Release|Any CPU
	EndGlobalSection
	GlobalSection(SolutionProperties) = preSolution
		HideSolutionNode = FALSE
	EndGlobalSection
EndGlobal
